
Microsoft Visual Studio Solution File, Format Version 12.00
Project("{FAE04EC0-301F-11D3-BF4B-00C04F79EFBC}") = "AirClipApp", "AirClipApp\AirClipApp.csproj", "{97F47CD7-F04E-489D-A6A1-D54D0522A5E6}"
EndProject
Project("{FAE04EC0-301F-11D3-BF4B-00C04F79EFBC}") = "UnitTestAirClipApp", "UnitTestAirClipApp\UnitTestAirClipApp.csproj", "{C9DE40C3-143E-49C6-98C0-E818724B4838}"
EndProject
Project("{FAE04EC0-301F-11D3-BF4B-00C04F79EFBC}") = "VideoEditor", "VideoEditor\VideoEditor.csproj", "{FA9F65D1-C7B2-454A-A38B-D1991C381B0F}"
EndProject
Project("{FAE04EC0-301F-11D3-BF4B-00C04F79EFBC}") = "AirClipCCL", "AirClipCCL\AirClipCCL.csproj", "{F3E943C4-2A6B-491C-8EC2-032D319C600A}"
EndProject
Project("{FAE04EC0-301F-11D3-BF4B-00C04F79EFBC}") = "LibVLCSharp.Avalonia.Unofficial", "LibVLCSharp.Avalonia.Unofficial\LibVLCSharp.Avalonia.Unofficial.csproj", "{0EE9679E-DE82-47E8-AFA6-1997FBF49D59}"
EndProject
Global
	GlobalSection(SolutionConfigurationPlatforms) = preSolution
		Debug|Any CPU = Debug|Any CPU
		Release|Any CPU = Release|Any CPU
	EndGlobalSection
	GlobalSection(ProjectConfigurationPlatforms) = postSolution
		{97F47CD7-F04E-489D-A6A1-D54D0522A5E6}.Debug|Any CPU.ActiveCfg = Debug|Any CPU
		{97F47CD7-F04E-489D-A6A1-D54D0522A5E6}.Debug|Any CPU.Build.0 = Debug|Any CPU
		{97F47CD7-F04E-489D-A6A1-D54D0522A5E6}.Release|Any CPU.ActiveCfg = Release|Any CPU
		{97F47CD7-F04E-489D-A6A1-D54D0522A5E6}.Release|Any CPU.Build.0 = Release|Any CPU
		{C9DE40C3-143E-49C6-98C0-E818724B4838}.Debug|Any CPU.ActiveCfg = Debug|Any CPU
		{C9DE40C3-143E-49C6-98C0-E818724B4838}.Debug|Any CPU.Build.0 = Debug|Any CPU
		{C9DE40C3-143E-49C6-98C0-E818724B4838}.Release|Any CPU.ActiveCfg = Release|Any CPU
		{C9DE40C3-143E-49C6-98C0-E818724B4838}.Release|Any CPU.Build.0 = Release|Any CPU
		{FA9F65D1-C7B2-454A-A38B-D1991C381B0F}.Debug|Any CPU.ActiveCfg = Debug|Any CPU
		{FA9F65D1-C7B2-454A-A38B-D1991C381B0F}.Debug|Any CPU.Build.0 = Debug|Any CPU
		{FA9F65D1-C7B2-454A-A38B-D1991C381B0F}.Release|Any CPU.ActiveCfg = Release|Any CPU
		{FA9F65D1-C7B2-454A-A38B-D1991C381B0F}.Release|Any CPU.Build.0 = Release|Any CPU
		{F3E943C4-2A6B-491C-8EC2-032D319C600A}.Debug|Any CPU.ActiveCfg = Debug|Any CPU
		{F3E943C4-2A6B-491C-8EC2-032D319C600A}.Debug|Any CPU.Build.0 = Debug|Any CPU
		{F3E943C4-2A6B-491C-8EC2-032D319C600A}.Release|Any CPU.ActiveCfg = Release|Any CPU
		{F3E943C4-2A6B-491C-8EC2-032D319C600A}.Release|Any CPU.Build.0 = Release|Any CPU
		{0EE9679E-DE82-47E8-AFA6-1997FBF49D59}.Debug|Any CPU.ActiveCfg = Debug|Any CPU
		{0EE9679E-DE82-47E8-AFA6-1997FBF49D59}.Debug|Any CPU.Build.0 = Debug|Any CPU
		{0EE9679E-DE82-47E8-AFA6-1997FBF49D59}.Release|Any CPU.ActiveCfg = Release|Any CPU
		{0EE9679E-DE82-47E8-AFA6-1997FBF49D59}.Release|Any CPU.Build.0 = Release|Any CPU
	EndGlobalSection
EndGlobal
